// !$*UTF8*$!
{
	archiveVersion = 1;
	classes = {
	};
	objectVersion = 77;
	objects = {

/* Begin PBXContainerItemProxy section */
		339626A22EA2811C00C90947 /* PBXContainerItemProxy */ = {
			isa = PBXContainerItemProxy;
			containerPortal = 339626832EA2811A00C90947 /* Project object */;
			proxyType = 1;
			remoteGlobalIDString = 3396268A2EA2811A00C90947;
			remoteInfo = ypquiz;
		};
		339626AC2EA2811C00C90947 /* PBXContainerItemProxy */ = {
			isa = PBXContainerItemProxy;
			containerPortal = 339626832EA2811A00C90947 /* Project object */;
			proxyType = 1;
			remoteGlobalIDString = 3396268A2EA2811A00C90947;
			remoteInfo = ypquiz;
		};
/* End PBXContainerItemProxy section */

/* Begin PBXFileReference section */
		3396268B2EA2811A00C90947 /* ypquiz.app */ = {isa = PBXFileReference; explicitFileType = wrapper.application; includeInIndex = 0; path = ypquiz.app; sourceTree = BUILT_PRODUCTS_DIR; };
		339626A12EA2811C00C90947 /* ypquizTests.xctest */ = {isa = PBXFileReference; explicitFileType = wrapper.cfbundle; includeInIndex = 0; path = ypquizTests.xctest; sourceTree = BUILT_PRODUCTS_DIR; };
		339626AB2EA2811C00C90947 /* ypquizUITests.xctest */ = {isa = PBXFileReference; explicitFileType = wrapper.cfbundle; includeInIndex = 0; path = ypquizUITests.xctest; sourceTree = BUILT_PRODUCTS_DIR; };
/* End PBXFileReference section */

/* Begin PBXFileSystemSynchronizedBuildFileExceptionSet section */
		339626B32EA2811C00C90947 /* Exceptions for "ypquiz" folder in "ypquiz" target */ = {
			isa = PBXFileSystemSynchronizedBuildFileExceptionSet;
			membershipExceptions = (
				Info.plist,
			);
			target = 3396268A2EA2811A00C90947 /* ypquiz */;
		};
/* End PBXFileSystemSynchronizedBuildFileExceptionSet section */

/* Begin PBXFileSystemSynchronizedRootGroup section */
		3396268D2EA2811A00C90947 /* ypquiz */ = {
			isa = PBXFileSystemSynchronizedRootGroup;
			exceptions = (
				339626B32EA2811C00C90947 /* Exceptions for "ypquiz" folder in "ypquiz" target */,
			);
			path = ypquiz;
			sourceTree = "<group>";
		};
		339626A42EA2811C00C90947 /* ypquizTests */ = {
			isa = PBXFileSystemSynchronizedRootGroup;
			path = ypquizTests;
			sourceTree = "<group>";
		};
		339626AE2EA2811C00C90947 /* ypquizUITests */ = {
			isa = PBXFileSystemSynchronizedRootGroup;
			path = ypquizUITests;
			sourceTree = "<group>";
		};
/* End PBXFileSystemSynchronizedRootGroup section */

/* Begin PBXFrameworksBuildPhase section */
		339626882EA2811A00C90947 /* Frameworks */ = {
			isa = PBXFrameworksBuildPhase;
			buildActionMask = 2147483647;
			files = (
			);
			runOnlyForDeploymentPostprocessing = 0;
		};
		3396269E2EA2811C00C90947 /* Frameworks */ = {
			isa = PBXFrameworksBuildPhase;
			buildActionMask = 2147483647;
			files = (
			);
			runOnlyForDeploymentPostprocessing = 0;
		};
		339626A82EA2811C00C90947 /* Frameworks */ = {
			isa = PBXFrameworksBuildPhase;
			buildActionMask = 2147483647;
			files = (
			);
			runOnlyForDeploymentPostprocessing = 0;
		};
/* End PBXFrameworksBuildPhase section */

/* Begin PBXGroup section */
		339626822EA2811A00C90947 = {
			isa = PBXGroup;
			children = (
				3396268D2EA2811A00C90947 /* ypquiz */,
				339626A42EA2811C00C90947 /* ypquizTests */,
				339626AE2EA2811C00C90947 /* ypquizUITests */,
				3396268C2EA2811A00C90947 /* Products */,
			);
			sourceTree = "<group>";
		};
		3396268C2EA2811A00C90947 /* Products */ = {
			isa = PBXGroup;
			children = (
				3396268B2EA2811A00C90947 /* ypquiz.app */,
				339626A12EA2811C00C90947 /* ypquizTests.xctest */,
				339626AB2EA2811C00C90947 /* ypquizUITests.xctest */,
			);
			name = Products;
			sourceTree = "<group>";
		};
/* End PBXGroup section */

/* Begin PBXNativeTarget section */
		3396268A2EA2811A00C90947 /* ypquiz */ = {
			isa = PBXNativeTarget;
			buildConfigurationList = 339626B42EA2811C00C90947 /* Build configuration list for PBXNativeTarget "ypquiz" */;
			buildPhases = (
				339626872EA2811A00C90947 /* Sources */,
				339626882EA2811A00C90947 /* Frameworks */,
				339626892EA2811A00C90947 /* Resources */,
			);
			buildRules = (
			);
			dependencies = (
			);
			fileSystemSynchronizedGroups = (
				3396268D2EA2811A00C90947 /* ypquiz */,
			);
			name = ypquiz;
			packageProductDependencies = (
			);
			productName = ypquiz;
			productReference = 3396268B2EA2811A00C90947 /* ypquiz.app */;
			productType = "com.apple.product-type.application";
		};
		339626A02EA2811C00C90947 /* ypquizTests */ = {
			isa = PBXNativeTarget;
			buildConfigurationList = 339626B92EA2811C00C90947 /* Build configuration list for PBXNativeTarget "ypquizTests" */;
			buildPhases = (
				3396269D2EA2811C00C90947 /* Sources */,
				3396269E2EA2811C00C90947 /* Frameworks */,
				3396269F2EA2811C00C90947 /* Resources */,
			);
			buildRules = (
			);
			dependencies = (
				339626A32EA2811C00C90947 /* PBXTargetDependency */,
			);
			fileSystemSynchronizedGroups = (
				339626A42EA2811C00C90947 /* ypquizTests */,
			);
			name = ypquizTests;
			packageProductDependencies = (
			);
			productName = ypquizTests;
			productReference = 339626A12EA2811C00C90947 /* ypquizTests.xctest */;
			productType = "com.apple.product-type.bundle.unit-test";
		};
		339626AA2EA2811C00C90947 /* ypquizUITests */ = {
			isa = PBXNativeTarget;
			buildConfigurationList = 339626BC2EA2811C00C90947 /* Build configuration list for PBXNativeTarget "ypquizUITests" */;
			buildPhases = (
				339626A72EA2811C00C90947 /* Sources */,
				339626A82EA2811C00C90947 /* Frameworks */,
				339626A92EA2811C00C90947 /* Resources */,
			);
			buildRules = (
			);
			dependencies = (
				339626AD2EA2811C00C90947 /* PBXTargetDependency */,
			);
			fileSystemSynchronizedGroups = (
				339626AE2EA2811C00C90947 /* ypquizUITests */,
			);
			name = ypquizUITests;
			packageProductDependencies = (
			);
			productName = ypquizUITests;
			productReference = 339626AB2EA2811C00C90947 /* ypquizUITests.xctest */;
			productType = "com.apple.product-type.bundle.ui-testing";
		};
/* End PBXNativeTarget section */

/* Begin PBXProject section */
		339626832EA2811A00C90947 /* Project object */ = {
			isa = PBXProject;
			attributes = {
				BuildIndependentTargetsInParallel = 1;
				LastSwiftUpdateCheck = 1610;
				LastUpgradeCheck = 1610;
				TargetAttributes = {
					3396268A2EA2811A00C90947 = {
						CreatedOnToolsVersion = 16.1;
					};
					339626A02EA2811C00C90947 = {
						CreatedOnToolsVersion = 16.1;
						TestTargetID = 3396268A2EA2811A00C90947;
					};
					339626AA2EA2811C00C90947 = {
						CreatedOnToolsVersion = 16.1;
						TestTargetID = 3396268A2EA2811A00C90947;
					};
				};
			};
			buildConfigurationList = 339626862EA2811A00C90947 /* Build configuration list for PBXProject "ypquiz" */;
			developmentRegion = en;
			hasScannedForEncodings = 0;
			knownRegions = (
				en,
				Base,
			);
			mainGroup = 339626822EA2811A00C90947;
			minimizedProjectReferenceProxies = 1;
			preferredProjectObjectVersion = 77;
			productRefGroup = 3396268C2EA2811A00C90947 /* Products */;
			projectDirPath = "";
			projectRoot = "";
			targets = (
				3396268A2EA2811A00C90947 /* ypquiz */,
				339626A02EA2811C00C90947 /* ypquizTests */,
				339626AA2EA2811C00C90947 /* ypquizUITests */,
			);
		};
/* End PBXProject section */

/* Begin PBXResourcesBuildPhase section */
		339626892EA2811A00C90947 /* Resources */ = {
			isa = PBXResourcesBuildPhase;
			buildActionMask = 2147483647;
			files = (
			);
			runOnlyForDeploymentPostprocessing = 0;
		};
		3396269F2EA2811C00C90947 /* Resources */ = {
			isa = PBXResourcesBuildPhase;
			buildActionMask = 2147483647;
			files = (
			);
			runOnlyForDeploymentPostprocessing = 0;
		};
		339626A92EA2811C00C90947 /* Resources */ = {
			isa = PBXResourcesBuildPhase;
			buildActionMask = 2147483647;
			files = (
			);
			runOnlyForDeploymentPostprocessing = 0;
		};
/* End PBXResourcesBuildPhase section */

/* Begin PBXSourcesBuildPhase section */
		339626872EA2811A00C90947 /* Sources */ = {
			isa = PBXSourcesBuildPhase;
			buildActionMask = 2147483647;
			files = (
			);
			runOnlyForDeploymentPostprocessing = 0;
		};
		3396269D2EA2811C00C90947 /* Sources */ = {
			isa = PBXSourcesBuildPhase;
			buildActionMask = 2147483647;
			files = (
			);
			runOnlyForDeploymentPostprocessing = 0;
		};
		339626A72EA2811C00C90947 /* Sources */ = {
			isa = PBXSourcesBuildPhase;
			buildActionMask = 2147483647;
			files = (
			);
			runOnlyForDeploymentPostprocessing = 0;
		};
/* End PBXSourcesBuildPhase section */

/* Begin PBXTargetDependency section */
		339626A32EA2811C00C90947 /* PBXTargetDependency */ = {
			isa = PBXTargetDependency;
			target = 3396268A2EA2811A00C90947 /* ypquiz */;
			targetProxy = 339626A22EA2811C00C90947 /* PBXContainerItemProxy */;
		};
		339626AD2EA2811C00C90947 /* PBXTargetDependency */ = {
			isa = PBXTargetDependency;
			target = 3396268A2EA2811A00C90947 /* ypquiz */;
			targetProxy = 339626AC2EA2811C00C90947 /* PBXContainerItemProxy */;
		};
/* End PBXTargetDependency section */

/* Begin XCBuildConfiguration section */
		339626B52EA2811C00C90947 /* Debug */ = {
			isa = XCBuildConfiguration;
			buildSettings = {
				ASSETCATALOG_COMPILER_APPICON_NAME = AppIcon;
				ASSETCATALOG_COMPILER_GLOBAL_ACCENT_COLOR_NAME = AccentColor;
				CODE_SIGN_STYLE = Automatic;
				CURRENT_PROJECT_VERSION = 1;
				DEVELOPMENT_TEAM = KKGMGFZ85J;
				GENERATE_INFOPLIST_FILE = YES;
				INFOPLIST_FILE = ypquiz/Info.plist;
				INFOPLIST_KEY_UIApplicationSupportsIndirectInputEvents = YES;
				INFOPLIST_KEY_UILaunchStoryboardName = LaunchScreen;
				INFOPLIST_KEY_UIMainStoryboardFile = Main;
				INFOPLIST_KEY_UISupportedInterfaceOrientations_iPad = "UIInterfaceOrientationPortrait UIInterfaceOrientationPortraitUpsideDown UIInterfaceOrientationLandscapeLeft UIInterfaceOrientationLandscapeRight";
				INFOPLIST_KEY_UISupportedInterfaceOrientations_iPhone = "UIInterfaceOrientationPortrait UIInterfaceOrientationLandscapeLeft UIInterfaceOrientationLandscapeRight";
				LD_RUNPATH_SEARCH_PATHS = (
					"$(inherited)",
					"@executable_path/Frameworks",
				);
				MARKETING_VERSION = 1.0;
				PRODUCT_BUNDLE_IDENTIFIER = ru.efremov.ypquiz;
				PRODUCT_NAME = "$(TARGET_NAME)";
				SWIFT_EMIT_LOC_STRINGS = YES;
				SWIFT_VERSION = 5.0;
				TARGETED_DEVICE_FAMILY = "1,2";
			};
			name = Debug;
		};
		339626B62EA2811C00C90947 /* Release */ = {
			isa = XCBuildConfiguration;
			buildSettings = {
				ASSETCATALOG_COMPILER_APPICON_NAME = AppIcon;
				ASSETCATALOG_COMPILER_GLOBAL_ACCENT_COLOR_NAME = AccentColor;
				CODE_SIGN_STYLE = Automatic;
				CURRENT_PROJECT_VERSION = 1;
				DEVELOPMENT_TEAM = KKGMGFZ85J;
				GENERATE_INFOPLIST_FILE = YES;
				INFOPLIST_FILE = ypquiz/Info.plist;
				INFOPLIST_KEY_UIApplicationSupportsIndirectInputEvents = YES;
				INFOPLIST_KEY_UILaunchStoryboardName = LaunchScreen;
				INFOPLIST_KEY_UIMainStoryboardFile = Main;
				INFOPLIST_KEY_UISupportedInterfaceOrientations_iPad = "UIInterfaceOrientationPortrait UIInterfaceOrientationPortraitUpsideDown UIInterfaceOrientationLandscapeLeft UIInterfaceOrientationLandscapeRight";
				INFOPLIST_KEY_UISupportedInterfaceOrientations_iPhone = "UIInterfaceOrientationPortrait UIInterfaceOrientationLandscapeLeft UIInterfaceOrientationLandscapeRight";
				LD_RUNPATH_SEARCH_PATHS = (
					"$(inherited)",
					"@executable_path/Frameworks",
				);
				MARKETING_VERSION = 1.0;
				PRODUCT_BUNDLE_IDENTIFIER = ru.efremov.ypquiz;
				PRODUCT_NAME = "$(TARGET_NAME)";
				SWIFT_EMIT_LOC_STRINGS = YES;
				SWIFT_VERSION = 5.0;
				TARGETED_DEVICE_FAMILY = "1,2";
			};
			name = Release;
		};
		339626B72EA2811C00C90947 /* Debug */ = {
			isa = XCBuildConfiguration;
			buildSettings = {
				ALWAYS_SEARCH_USER_PATHS = NO;
				ASSETCATALOG_COMPILER_GENERATE_SWIFT_ASSET_SYMBOL_EXTENSIONS = YES;
				CLANG_ANALYZER_NONNULL = YES;
				CLANG_ANALYZER_NUMBER_OBJECT_CONVERSION = YES_AGGRESSIVE;
				CLANG_CXX_LANGUAGE_STANDARD = "gnu++20";
				CLANG_ENABLE_MODULES = YES;
				CLANG_ENABLE_OBJC_ARC = YES;
				CLANG_ENABLE_OBJC_WEAK = YES;
				CLANG_WARN_BLOCK_CAPTURE_AUTORELEASING = YES;
				CLANG_WARN_BOOL_CONVERSION = YES;
				CLANG_WARN_COMMA = YES;
				CLANG_WARN_CONSTANT_CONVERSION = YES;
				CLANG_WARN_DEPRECATED_OBJC_IMPLEMENTATIONS = YES;
				CLANG_WARN_DIRECT_OBJC_ISA_USAGE = YES_ERROR;
				CLANG_WARN_DOCUMENTATION_COMMENTS = YES;
				CLANG_WARN_EMPTY_BODY = YES;
				CLANG_WARN_ENUM_CONVERSION = YES;
				CLANG_WARN_INFINITE_RECURSION = YES;
				CLANG_WARN_INT_CONVERSION = YES;
				CLANG_WARN_NON_LITERAL_NULL_CONVERSION = YES;
				CLANG_WARN_OBJC_IMPLICIT_RETAIN_SELF = YES;
				CLANG_WARN_OBJC_LITERAL_CONVERSION = YES;
				CLANG_WARN_OBJC_ROOT_CLASS = YES_ERROR;
				CLANG_WARN_QUOTED_INCLUDE_IN_FRAMEWORK_HEADER = YES;
				CLANG_WARN_RANGE_LOOP_ANALYSIS = YES;
				CLANG_WARN_STRICT_PROTOTYPES = YES;
				CLANG_WARN_SUSPICIOUS_MOVE = YES;
				CLANG_WARN_UNGUARDED_AVAILABILITY = YES_AGGRESSIVE;
				CLANG_WARN_UNREACHABLE_CODE = YES;
				CLANG_WARN__DUPLICATE_METHOD_MATCH = YES;
				COPY_PHASE_STRIP = NO;
				DEBUG_INFORMATION_FORMAT = dwarf;
				ENABLE_STRICT_OBJC_MSGSEND = YES;
				ENABLE_TESTABILITY = YES;
				ENABLE_USER_SCRIPT_SANDBOXING = YES;
				GCC_C_LANGUAGE_STANDARD = gnu17;
				GCC_DYNAMIC_NO_PIC = NO;
				GCC_NO_COMMON_BLOCKS = YES;
				GCC_OPTIMIZATION_LEVEL = 0;
				GCC_PREPROCESSOR_DEFINITIONS = (
					"DEBUG=1",
					"$(inherited)",
				);
				GCC_WARN_64_TO_32_BIT_CONVERSION = YES;
				GCC_WARN_ABOUT_RETURN_TYPE = YES_ERROR;
				GCC_WARN_UNDECLARED_SELECTOR = YES;
				GCC_WARN_UNINITIALIZED_AUTOS = YES_AGGRESSIVE;
				GCC_WARN_UNUSED_FUNCTION = YES;
				GCC_WARN_UNUSED_VARIABLE = YES;
				IPHONEOS_DEPLOYMENT_TARGET = 18.1;
				LOCALIZATION_PREFERS_STRING_CATALOGS = YES;
				MTL_ENABLE_DEBUG_INFO = INCLUDE_SOURCE;
				MTL_FAST_MATH = YES;
				ONLY_ACTIVE_ARCH = YES;
				SDKROOT = iphoneos;
				SWIFT_ACTIVE_COMPILATION_CONDITIONS = "DEBUG $(inherited)";
				SWIFT_OPTIMIZATION_LEVEL = "-Onone";
			};
			name = Debug;
		};
		339626B82EA2811C00C90947 /* Release */ = {
			isa = XCBuildConfiguration;
			buildSettings = {
				ALWAYS_SEARCH_USER_PATHS = NO;
				ASSETCATALOG_COMPILER_GENERATE_SWIFT_ASSET_SYMBOL_EXTENSIONS = YES;
				CLANG_ANALYZER_NONNULL = YES;
				CLANG_ANALYZER_NUMBER_OBJECT_CONVERSION = YES_AGGRESSIVE;
				CLANG_CXX_LANGUAGE_STANDARD = "gnu++20";
				CLANG_ENABLE_MODULES = YES;
				CLANG_ENABLE_OBJC_ARC = YES;
				CLANG_ENABLE_OBJC_WEAK = YES;
				CLANG_WARN_BLOCK_CAPTURE_AUTORELEASING = YES;
				CLANG_WARN_BOOL_CONVERSION = YES;
				CLANG_WARN_COMMA = YES;
				CLANG_WARN_CONSTANT_CONVERSION = YES;
				CLANG_WARN_DEPRECATED_OBJC_IMPLEMENTATIONS = YES;
				CLANG_WARN_DIRECT_OBJC_ISA_USAGE = YES_ERROR;
				CLANG_WARN_DOCUMENTATION_COMMENTS = YES;
				CLANG_WARN_EMPTY_BODY = YES;
				CLANG_WARN_ENUM_CONVERSION = YES;
				CLANG_WARN_INFINITE_RECURSION = YES;
				CLANG_WARN_INT_CONVERSION = YES;
				CLANG_WARN_NON_LITERAL_NULL_CONVERSION = YES;
				CLANG_WARN_OBJC_IMPLICIT_RETAIN_SELF = YES;
				CLANG_WARN_OBJC_LITERAL_CONVERSION = YES;
				CLANG_WARN_OBJC_ROOT_CLASS = YES_ERROR;
				CLANG_WARN_QUOTED_INCLUDE_IN_FRAMEWORK_HEADER = YES;
				CLANG_WARN_RANGE_LOOP_ANALYSIS = YES;
				CLANG_WARN_STRICT_PROTOTYPES = YES;
				CLANG_WARN_SUSPICIOUS_MOVE = YES;
				CLANG_WARN_UNGUARDED_AVAILABILITY = YES_AGGRESSIVE;
				CLANG_WARN_UNREACHABLE_CODE = YES;
				CLANG_WARN__DUPLICATE_METHOD_MATCH = YES;
				COPY_PHASE_STRIP = NO;
				DEBUG_INFORMATION_FORMAT = "dwarf-with-dsym";
				ENABLE_NS_ASSERTIONS = NO;
				ENABLE_STRICT_OBJC_MSGSEND = YES;
				ENABLE_USER_SCRIPT_SANDBOXING = YES;
				GCC_C_LANGUAGE_STANDARD = gnu17;
				GCC_NO_COMMON_BLOCKS = YES;
				GCC_WARN_64_TO_32_BIT_CONVERSION = YES;
				GCC_WARN_ABOUT_RETURN_TYPE = YES_ERROR;
				GCC_WARN_UNDECLARED_SELECTOR = YES;
				GCC_WARN_UNINITIALIZED_AUTOS = YES_AGGRESSIVE;
				GCC_WARN_UNUSED_FUNCTION = YES;
				GCC_WARN_UNUSED_VARIABLE = YES;
				IPHONEOS_DEPLOYMENT_TARGET = 18.1;
				LOCALIZATION_PREFERS_STRING_CATALOGS = YES;
				MTL_ENABLE_DEBUG_INFO = NO;
				MTL_FAST_MATH = YES;
				SDKROOT = iphoneos;
				SWIFT_COMPILATION_MODE = wholemodule;
				VALIDATE_PRODUCT = YES;
			};
			name = Release;
		};
		339626BA2EA2811C00C90947 /* Debug */ = {
			isa = XCBuildConfiguration;
			buildSettings = {
				BUNDLE_LOADER = "$(TEST_HOST)";
				CODE_SIGN_STYLE = Automatic;
				CURRENT_PROJECT_VERSION = 1;
				DEVELOPMENT_TEAM = KKGMGFZ85J;
				GENERATE_INFOPLIST_FILE = YES;
				IPHONEOS_DEPLOYMENT_TARGET = 18.1;
				MARKETING_VERSION = 1.0;
				PRODUCT_BUNDLE_IDENTIFIER = ru.efremov.ypquizTests;
				PRODUCT_NAME = "$(TARGET_NAME)";
				SWIFT_EMIT_LOC_STRINGS = NO;
				SWIFT_VERSION = 5.0;
				TARGETED_DEVICE_FAMILY = "1,2";
				TEST_HOST = "$(BUILT_PRODUCTS_DIR)/ypquiz.app/$(BUNDLE_EXECUTABLE_FOLDER_PATH)/ypquiz";
			};
			name = Debug;
		};
		339626BB2EA2811C00C90947 /* Release */ = {
			isa = XCBuildConfiguration;
			buildSettings = {
				BUNDLE_LOADER = "$(TEST_HOST)";
				CODE_SIGN_STYLE = Automatic;
				CURRENT_PROJECT_VERSION = 1;
				DEVELOPMENT_TEAM = KKGMGFZ85J;
				GENERATE_INFOPLIST_FILE = YES;
				IPHONEOS_DEPLOYMENT_TARGET = 18.1;
				MARKETING_VERSION = 1.0;
				PRODUCT_BUNDLE_IDENTIFIER = ru.efremov.ypquizTests;
				PRODUCT_NAME = "$(TARGET_NAME)";
				SWIFT_EMIT_LOC_STRINGS = NO;
				SWIFT_VERSION = 5.0;
				TARGETED_DEVICE_FAMILY = "1,2";
				TEST_HOST = "$(BUILT_PRODUCTS_DIR)/ypquiz.app/$(BUNDLE_EXECUTABLE_FOLDER_PATH)/ypquiz";
			};
			name = Release;
		};
		339626BD2EA2811C00C90947 /* Debug */ = {
			isa = XCBuildConfiguration;
			buildSettings = {
				CODE_SIGN_STYLE = Automatic;
				CURRENT_PROJECT_VERSION = 1;
				DEVELOPMENT_TEAM = KKGMGFZ85J;
				GENERATE_INFOPLIST_FILE = YES;
				MARKETING_VERSION = 1.0;
				PRODUCT_BUNDLE_IDENTIFIER = ru.efremov.ypquizUITests;
				PRODUCT_NAME = "$(TARGET_NAME)";
				SWIFT_EMIT_LOC_STRINGS = NO;
				SWIFT_VERSION = 5.0;
				TARGETED_DEVICE_FAMILY = "1,2";
				TEST_TARGET_NAME = ypquiz;
			};
			name = Debug;
		};
		339626BE2EA2811C00C90947 /* Release */ = {
			isa = XCBuildConfiguration;
			buildSettings = {
				CODE_SIGN_STYLE = Automatic;
				CURRENT_PROJECT_VERSION = 1;
				DEVELOPMENT_TEAM = KKGMGFZ85J;
				GENERATE_INFOPLIST_FILE = YES;
				MARKETING_VERSION = 1.0;
				PRODUCT_BUNDLE_IDENTIFIER = ru.efremov.ypquizUITests;
				PRODUCT_NAME = "$(TARGET_NAME)";
				SWIFT_EMIT_LOC_STRINGS = NO;
				SWIFT_VERSION = 5.0;
				TARGETED_DEVICE_FAMILY = "1,2";
				TEST_TARGET_NAME = ypquiz;
			};
			name = Release;
		};
/* End XCBuildConfiguration section */

/* Begin XCConfigurationList section */
		339626862EA2811A00C90947 /* Build configuration list for PBXProject "ypquiz" */ = {
			isa = XCConfigurationList;
			buildConfigurations = (
				339626B72EA2811C00C90947 /* Debug */,
				339626B82EA2811C00C90947 /* Release */,
			);
			defaultConfigurationIsVisible = 0;
			defaultConfigurationName = Release;
		};
		339626B42EA2811C00C90947 /* Build configuration list for PBXNativeTarget "ypquiz" */ = {
			isa = XCConfigurationList;
			buildConfigurations = (
				339626B52EA2811C00C90947 /* Debug */,
				339626B62EA2811C00C90947 /* Release */,
			);
			defaultConfigurationIsVisible = 0;
			defaultConfigurationName = Release;
		};
		339626B92EA2811C00C90947 /* Build configuration list for PBXNativeTarget "ypquizTests" */ = {
			isa = XCConfigurationList;
			buildConfigurations = (
				339626BA2EA2811C00C90947 /* Debug */,
				339626BB2EA2811C00C90947 /* Release */,
			);
			defaultConfigurationIsVisible = 0;
			defaultConfigurationName = Release;
		};
		339626BC2EA2811C00C90947 /* Build configuration list for PBXNativeTarget "ypquizUITests" */ = {
			isa = XCConfigurationList;
			buildConfigurations = (
				339626BD2EA2811C00C90947 /* Debug */,
				339626BE2EA2811C00C90947 /* Release */,
			);
			defaultConfigurationIsVisible = 0;
			defaultConfigurationName = Release;
		};
/* End XCConfigurationList section */
	};
	rootObject = 339626832EA2811A00C90947 /* Project object */;
}
